// !$*UTF8*$!
{
	archiveVersion = 1;
	classes = {
	};
	objectVersion = 46;
	objects = {

/* Begin PBXBuildFile section */
		260443A01D71F15300BFEA47 /* AppDelegate.swift in Sources */ = {isa = PBXBuildFile; fileRef = 2604439F1D71F15300BFEA47 /* AppDelegate.swift */; };
		260443A21D71F15300BFEA47 /* TapViewController.swift in Sources */ = {isa = PBXBuildFile; fileRef = 260443A11D71F15300BFEA47 /* TapViewController.swift */; };
		260443A51D71F15300BFEA47 /* Main.storyboard in Resources */ = {isa = PBXBuildFile; fileRef = 260443A31D71F15300BFEA47 /* Main.storyboard */; };
		260443A71D71F15300BFEA47 /* Assets.xcassets in Resources */ = {isa = PBXBuildFile; fileRef = 260443A61D71F15300BFEA47 /* Assets.xcassets */; };
		260443AA1D71F15300BFEA47 /* LaunchScreen.storyboard in Resources */ = {isa = PBXBuildFile; fileRef = 260443A81D71F15300BFEA47 /* LaunchScreen.storyboard */; };
		260443B31D71F1F300BFEA47 /* RxSwift.framework in Frameworks */ = {isa = PBXBuildFile; fileRef = 260443B11D71F1F300BFEA47 /* RxSwift.framework */; };
		260443B41D71F1F300BFEA47 /* RxCocoa.framework in Frameworks */ = {isa = PBXBuildFile; fileRef = 260443B21D71F1F300BFEA47 /* RxCocoa.framework */; };
		260443B81D71F8B300BFEA47 /* SnapKit.framework in Frameworks */ = {isa = PBXBuildFile; fileRef = 260443B71D71F8B300BFEA47 /* SnapKit.framework */; };
		260443BA1D71F8D400BFEA47 /* LayoutViewController.swift in Sources */ = {isa = PBXBuildFile; fileRef = 260443B91D71F8D400BFEA47 /* LayoutViewController.swift */; };
		26C1B93D1D7479BA00C3D27C /* TextBindViewController.swift in Sources */ = {isa = PBXBuildFile; fileRef = 26C1B93C1D7479BA00C3D27C /* TextBindViewController.swift */; };
		26C1B93F1D74A08D00C3D27C /* OrderTableViewController.swift in Sources */ = {isa = PBXBuildFile; fileRef = 26C1B93E1D74A08D00C3D27C /* OrderTableViewController.swift */; };
/* End PBXBuildFile section */

/* Begin PBXFileReference section */
		2604439C1D71F15300BFEA47 /* StuQ-Reactive.app */ = {isa = PBXFileReference; explicitFileType = wrapper.application; includeInIndex = 0; path = "StuQ-Reactive.app"; sourceTree = BUILT_PRODUCTS_DIR; };
		2604439F1D71F15300BFEA47 /* AppDelegate.swift */ = {isa = PBXFileReference; lastKnownFileType = sourcecode.swift; path = AppDelegate.swift; sourceTree = "<group>"; };
		260443A11D71F15300BFEA47 /* TapViewController.swift */ = {isa = PBXFileReference; lastKnownFileType = sourcecode.swift; path = TapViewController.swift; sourceTree = "<group>"; };
		260443A41D71F15300BFEA47 /* Base */ = {isa = PBXFileReference; lastKnownFileType = file.storyboard; name = Base; path = Base.lproj/Main.storyboard; sourceTree = "<group>"; };
		260443A61D71F15300BFEA47 /* Assets.xcassets */ = {isa = PBXFileReference; lastKnownFileType = folder.assetcatalog; path = Assets.xcassets; sourceTree = "<group>"; };
		260443A91D71F15300BFEA47 /* Base */ = {isa = PBXFileReference; lastKnownFileType = file.storyboard; name = Base; path = Base.lproj/LaunchScreen.storyboard; sourceTree = "<group>"; };
		260443AB1D71F15300BFEA47 /* Info.plist */ = {isa = PBXFileReference; lastKnownFileType = text.plist.xml; path = Info.plist; sourceTree = "<group>"; };
		260443B11D71F1F300BFEA47 /* RxSwift.framework */ = {isa = PBXFileReference; lastKnownFileType = wrapper.framework; name = RxSwift.framework; path = Carthage/Build/iOS/RxSwift.framework; sourceTree = "<group>"; };
		260443B21D71F1F300BFEA47 /* RxCocoa.framework */ = {isa = PBXFileReference; lastKnownFileType = wrapper.framework; name = RxCocoa.framework; path = Carthage/Build/iOS/RxCocoa.framework; sourceTree = "<group>"; };
		260443B71D71F8B300BFEA47 /* SnapKit.framework */ = {isa = PBXFileReference; lastKnownFileType = wrapper.framework; name = SnapKit.framework; path = Carthage/Build/iOS/SnapKit.framework; sourceTree = "<group>"; };
		260443B91D71F8D400BFEA47 /* LayoutViewController.swift */ = {isa = PBXFileReference; fileEncoding = 4; lastKnownFileType = sourcecode.swift; path = LayoutViewController.swift; sourceTree = "<group>"; };
		26C1B93C1D7479BA00C3D27C /* TextBindViewController.swift */ = {isa = PBXFileReference; fileEncoding = 4; lastKnownFileType = sourcecode.swift; path = TextBindViewController.swift; sourceTree = "<group>"; };
		26C1B93E1D74A08D00C3D27C /* OrderTableViewController.swift */ = {isa = PBXFileReference; fileEncoding = 4; lastKnownFileType = sourcecode.swift; path = OrderTableViewController.swift; sourceTree = "<group>"; };
/* End PBXFileReference section */

/* Begin PBXFrameworksBuildPhase section */
		260443991D71F15300BFEA47 /* Frameworks */ = {
			isa = PBXFrameworksBuildPhase;
			buildActionMask = 2147483647;
			files = (
				260443B81D71F8B300BFEA47 /* SnapKit.framework in Frameworks */,
				260443B31D71F1F300BFEA47 /* RxSwift.framework in Frameworks */,
				260443B41D71F1F300BFEA47 /* RxCocoa.framework in Frameworks */,
			);
			runOnlyForDeploymentPostprocessing = 0;
		};
/* End PBXFrameworksBuildPhase section */

/* Begin PBXGroup section */
		260443931D71F15300BFEA47 = {
			isa = PBXGroup;
			children = (
				260443B71D71F8B300BFEA47 /* SnapKit.framework */,
				260443B11D71F1F300BFEA47 /* RxSwift.framework */,
				260443B21D71F1F300BFEA47 /* RxCocoa.framework */,
				2604439E1D71F15300BFEA47 /* StuQ-Reactive */,
				2604439D1D71F15300BFEA47 /* Products */,
			);
			sourceTree = "<group>";
		};
		2604439D1D71F15300BFEA47 /* Products */ = {
			isa = PBXGroup;
			children = (
				2604439C1D71F15300BFEA47 /* StuQ-Reactive.app */,
			);
			name = Products;
			sourceTree = "<group>";
		};
		2604439E1D71F15300BFEA47 /* StuQ-Reactive */ = {
			isa = PBXGroup;
			children = (
				2604439F1D71F15300BFEA47 /* AppDelegate.swift */,
				260443A11D71F15300BFEA47 /* TapViewController.swift */,
				260443B91D71F8D400BFEA47 /* LayoutViewController.swift */,
				26C1B93C1D7479BA00C3D27C /* TextBindViewController.swift */,
				260443A31D71F15300BFEA47 /* Main.storyboard */,
				260443A61D71F15300BFEA47 /* Assets.xcassets */,
				260443A81D71F15300BFEA47 /* LaunchScreen.storyboard */,
				260443AB1D71F15300BFEA47 /* Info.plist */,
				26C1B93E1D74A08D00C3D27C /* OrderTableViewController.swift */,
			);
			path = "StuQ-Reactive";
			sourceTree = "<group>";
		};
/* End PBXGroup section */

/* Begin PBXNativeTarget section */
		2604439B1D71F15300BFEA47 /* StuQ-Reactive */ = {
			isa = PBXNativeTarget;
			buildConfigurationList = 260443AE1D71F15300BFEA47 /* Build configuration list for PBXNativeTarget "StuQ-Reactive" */;
			buildPhases = (
				260443981D71F15300BFEA47 /* Sources */,
				260443991D71F15300BFEA47 /* Frameworks */,
				2604439A1D71F15300BFEA47 /* Resources */,
				260443B61D71F1FB00BFEA47 /* ShellScript */,
			);
			buildRules = (
			);
			dependencies = (
			);
			name = "StuQ-Reactive";
			productName = "StuQ-Reactive";
			productReference = 2604439C1D71F15300BFEA47 /* StuQ-Reactive.app */;
			productType = "com.apple.product-type.application";
		};
/* End PBXNativeTarget section */

/* Begin PBXProject section */
		260443941D71F15300BFEA47 /* Project object */ = {
			isa = PBXProject;
			attributes = {
				LastSwiftUpdateCheck = 0730;
				LastUpgradeCheck = 0730;
				ORGANIZATIONNAME = T;
				TargetAttributes = {
					2604439B1D71F15300BFEA47 = {
						CreatedOnToolsVersion = 7.3.1;
					};
				};
			};
			buildConfigurationList = 260443971D71F15300BFEA47 /* Build configuration list for PBXProject "StuQ-Reactive" */;
			compatibilityVersion = "Xcode 3.2";
			developmentRegion = English;
			hasScannedForEncodings = 0;
			knownRegions = (
				en,
				Base,
			);
			mainGroup = 260443931D71F15300BFEA47;
			productRefGroup = 2604439D1D71F15300BFEA47 /* Products */;
			projectDirPath = "";
			projectRoot = "";
			targets = (
				2604439B1D71F15300BFEA47 /* StuQ-Reactive */,
			);
		};
/* End PBXProject section */

/* Begin PBXResourcesBuildPhase section */
		2604439A1D71F15300BFEA47 /* Resources */ = {
			isa = PBXResourcesBuildPhase;
			buildActionMask = 2147483647;
			files = (
				260443AA1D71F15300BFEA47 /* LaunchScreen.storyboard in Resources */,
				260443A71D71F15300BFEA47 /* Assets.xcassets in Resources */,
				260443A51D71F15300BFEA47 /* Main.storyboard in Resources */,
			);
			runOnlyForDeploymentPostprocessing = 0;
		};
/* End PBXResourcesBuildPhase section */

/* Begin PBXShellScriptBuildPhase section */
		260443B61D71F1FB00BFEA47 /* ShellScript */ = {
			isa = PBXShellScriptBuildPhase;
			buildActionMask = 2147483647;
			files = (
			);
			inputPaths = (
				"$(SRCROOT)/Carthage/Build/iOS/RxSwift.framework",
				"$(SRCROOT)/Carthage/Build/iOS/RxCocoa.framework",
				"$(SRCROOT)/Carthage/Build/iOS/SnapKit.framework",
			);
			outputPaths = (
			);
			runOnlyForDeploymentPostprocessing = 0;
			shellPath = /bin/sh;
			shellScript = "/usr/local/bin/carthage copy-frameworks";
		};
/* End PBXShellScriptBuildPhase section */

/* Begin PBXSourcesBuildPhase section */
		260443981D71F15300BFEA47 /* Sources */ = {
			isa = PBXSourcesBuildPhase;
			buildActionMask = 2147483647;
			files = (
				26C1B93D1D7479BA00C3D27C /* TextBindViewController.swift in Sources */,
				26C1B93F1D74A08D00C3D27C /* OrderTableViewController.swift in Sources */,
				260443A21D71F15300BFEA47 /* TapViewController.swift in Sources */,
				260443BA1D71F8D400BFEA47 /* LayoutViewController.swift in Sources */,
				260443A01D71F15300BFEA47 /* AppDelegate.swift in Sources */,
			);
			runOnlyForDeploymentPostprocessing = 0;
		};
/* End PBXSourcesBuildPhase section */

/* Begin PBXVariantGroup section */
		260443A31D71F15300BFEA47 /* Main.storyboard */ = {
			isa = PBXVariantGroup;
			children = (
				260443A41D71F15300BFEA47 /* Base */,
			);
			name = Main.storyboard;
			sourceTree = "<group>";
		};
		260443A81D71F15300BFEA47 /* LaunchScreen.storyboard */ = {
			isa = PBXVariantGroup;
			children = (
				260443A91D71F15300BFEA47 /* Base */,
			);
			name = LaunchScreen.storyboard;
			sourceTree = "<group>";
		};
/* End PBXVariantGroup section */

/* Begin XCBuildConfiguration section */
		260443AC1D71F15300BFEA47 /* Debug */ = {
			isa = XCBuildConfiguration;
			buildSettings = {
				ALWAYS_SEARCH_USER_PATHS = NO;
				CLANG_ANALYZER_NONNULL = YES;
				CLANG_CXX_LANGUAGE_STANDARD = "gnu++0x";
				CLANG_CXX_LIBRARY = "libc++";
				CLANG_ENABLE_MODULES = YES;
				CLANG_ENABLE_OBJC_ARC = YES;
				CLANG_WARN_BOOL_CONVERSION = YES;
				CLANG_WARN_CONSTANT_CONVERSION = YES;
				CLANG_WARN_DIRECT_OBJC_ISA_USAGE = YES_ERROR;
				CLANG_WARN_EMPTY_BODY = YES;
				CLANG_WARN_ENUM_CONVERSION = YES;
				CLANG_WARN_INT_CONVERSION = YES;
				CLANG_WARN_OBJC_ROOT_CLASS = YES_ERROR;
				CLANG_WARN_UNREACHABLE_CODE = YES;
				CLANG_WARN__DUPLICATE_METHOD_MATCH = YES;
				"CODE_SIGN_IDENTITY[sdk=iphoneos*]" = "iPhone Developer";
				COPY_PHASE_STRIP = NO;
				DEBUG_INFORMATION_FORMAT = dwarf;
				ENABLE_STRICT_OBJC_MSGSEND = YES;
				ENABLE_TESTABILITY = YES;
				GCC_C_LANGUAGE_STANDARD = gnu99;
				GCC_DYNAMIC_NO_PIC = NO;
				GCC_NO_COMMON_BLOCKS = YES;
				GCC_OPTIMIZATION_LEVEL = 0;
				GCC_PREPROCESSOR_DEFINITIONS = (
					"DEBUG=1",
					"$(inherited)",
				);
				GCC_WARN_64_TO_32_BIT_CONVERSION = YES;
				GCC_WARN_ABOUT_RETURN_TYPE = YES_ERROR;
				GCC_WARN_UNDECLARED_SELECTOR = YES;
				GCC_WARN_UNINITIALIZED_AUTOS = YES_AGGRESSIVE;
				GCC_WARN_UNUSED_FUNCTION = YES;
				GCC_WARN_UNUSED_VARIABLE = YES;
				IPHONEOS_DEPLOYMENT_TARGET = 9.3;
				MTL_ENABLE_DEBUG_INFO = YES;
				ONLY_ACTIVE_ARCH = YES;
				SDKROOT = iphoneos;
				SWIFT_OPTIMIZATION_LEVEL = "-Onone";
				TARGETED_DEVICE_FAMILY = "1,2";
			};
			name = Debug;
		};
		260443AD1D71F15300BFEA47 /* Release */ = {
			isa = XCBuildConfiguration;
			buildSettings = {
				ALWAYS_SEARCH_USER_PATHS = NO;
				CLANG_ANALYZER_NONNULL = YES;
				CLANG_CXX_LANGUAGE_STANDARD = "gnu++0x";
				CLANG_CXX_LIBRARY = "libc++";
				CLANG_ENABLE_MODULES = YES;
				CLANG_ENABLE_OBJC_ARC = YES;
				CLANG_WARN_BOOL_CONVERSION = YES;
				CLANG_WARN_CONSTANT_CONVERSION = YES;
				CLANG_WARN_DIRECT_OBJC_ISA_USAGE = YES_ERROR;
				CLANG_WARN_EMPTY_BODY = YES;
				CLANG_WARN_ENUM_CONVERSION = YES;
				CLANG_WARN_INT_CONVERSION = YES;
				CLANG_WARN_OBJC_ROOT_CLASS = YES_ERROR;
				CLANG_WARN_UNREACHABLE_CODE = YES;
				CLANG_WARN__DUPLICATE_METHOD_MATCH = YES;
				"CODE_SIGN_IDENTITY[sdk=iphoneos*]" = "iPhone Developer";
				COPY_PHASE_STRIP = NO;
				DEBUG_INFORMATION_FORMAT = "dwarf-with-dsym";
				ENABLE_NS_ASSERTIONS = NO;
				ENABLE_STRICT_OBJC_MSGSEND = YES;
				GCC_C_LANGUAGE_STANDARD = gnu99;
				GCC_NO_COMMON_BLOCKS = YES;
				GCC_WARN_64_TO_32_BIT_CONVERSION = YES;
				GCC_WARN_ABOUT_RETURN_TYPE = YES_ERROR;
				GCC_WARN_UNDECLARED_SELECTOR = YES;
				GCC_WARN_UNINITIALIZED_AUTOS = YES_AGGRESSIVE;
				GCC_WARN_UNUSED_FUNCTION = YES;
				GCC_WARN_UNUSED_VARIABLE = YES;
				IPHONEOS_DEPLOYMENT_TARGET = 9.3;
				MTL_ENABLE_DEBUG_INFO = NO;
				SDKROOT = iphoneos;
				TARGETED_DEVICE_FAMILY = "1,2";
				VALIDATE_PRODUCT = YES;
			};
			name = Release;
		};
		260443AF1D71F15300BFEA47 /* Debug */ = {
			isa = XCBuildConfiguration;
			buildSettings = {
				ASSETCATALOG_COMPILER_APPICON_NAME = AppIcon;
				FRAMEWORK_SEARCH_PATHS = (
					"$(inherited)",
					"$(PROJECT_DIR)/Carthage/Build/iOS",
				);
				INFOPLIST_FILE = "StuQ-Reactive/Info.plist";
				LD_RUNPATH_SEARCH_PATHS = "$(inherited) @executable_path/Frameworks";
				PRODUCT_BUNDLE_IDENTIFIER = "gg.swift.t.StuQ-Reactive";
				PRODUCT_NAME = "$(TARGET_NAME)";
			};
			name = Debug;
		};
		260443B01D71F15300BFEA47 /* Release */ = {
			isa = XCBuildConfiguration;
			buildSettings = {
				ASSETCATALOG_COMPILER_APPICON_NAME = AppIcon;
				FRAMEWORK_SEARCH_PATHS = (
					"$(inherited)",
					"$(PROJECT_DIR)/Carthage/Build/iOS",
				);
				INFOPLIST_FILE = "StuQ-Reactive/Info.plist";
				LD_RUNPATH_SEARCH_PATHS = "$(inherited) @executable_path/Frameworks";
				PRODUCT_BUNDLE_IDENTIFIER = "gg.swift.t.StuQ-Reactive";
				PRODUCT_NAME = "$(TARGET_NAME)";
			};
			name = Release;
		};
/* End XCBuildConfiguration section */

/* Begin XCConfigurationList section */
		260443971D71F15300BFEA47 /* Build configuration list for PBXProject "StuQ-Reactive" */ = {
			isa = XCConfigurationList;
			buildConfigurations = (
				260443AC1D71F15300BFEA47 /* Debug */,
				260443AD1D71F15300BFEA47 /* Release */,
			);
			defaultConfigurationIsVisible = 0;
			defaultConfigurationName = Release;
		};
		260443AE1D71F15300BFEA47 /* Build configuration list for PBXNativeTarget "StuQ-Reactive" */ = {
			isa = XCConfigurationList;
			buildConfigurations = (
				260443AF1D71F15300BFEA47 /* Debug */,
				260443B01D71F15300BFEA47 /* Release */,
			);
			defaultConfigurationIsVisible = 0;
			defaultConfigurationName = Release;
		};
/* End XCConfigurationList section */
	};
	rootObject = 260443941D71F15300BFEA47 /* Project object */;
}
